
Microsoft Visual Studio Solution File, Format Version 12.00
# Visual Studio Express 2012 for Windows Desktop
Project("{FAE04EC0-301F-11D3-BF4B-00C04F79EFBC}") = "Illane.Federico.TrabajoPractico3", "Illane.Federico.TrabajoPractico3\Illane.Federico.TrabajoPractico3.csproj", "{53BFED12-2ED4-4C48-BA77-97B7091ECC13}"
EndProject
Project("{FAE04EC0-301F-11D3-BF4B-00C04F79EFBC}") = "Illane.Federico.EntidadesAbstractas", "Illane.Federico.EntidadesAbstractas\Illane.Federico.EntidadesAbstractas.csproj", "{269321F1-4D97-4F3D-8877-A06150BFF426}"
EndProject
Project("{FAE04EC0-301F-11D3-BF4B-00C04F79EFBC}") = "Illane.Federico.Archivos", "Illane.Federico.Archivos\Illane.Federico.Archivos.csproj", "{7305FC6D-080B-49EA-9BE4-C1B48B97E218}"
EndProject
Project("{FAE04EC0-301F-11D3-BF4B-00C04F79EFBC}") = "Illane.Federico.EntidadesInstanciables", "Illane.Federico.EntidadesInstanciables\Illane.Federico.EntidadesInstanciables.csproj", "{FCD2CD36-9B7C-4A20-87BD-8FF345A907E7}"
EndProject
Project("{FAE04EC0-301F-11D3-BF4B-00C04F79EFBC}") = "Illane.Federico.Excepciones", "Illane.Federico.Excepciones\Illane.Federico.Excepciones.csproj", "{E285D0EB-3468-4A92-9084-43E24A6A7D55}"
EndProject
Global
	GlobalSection(SolutionConfigurationPlatforms) = preSolution
		Debug|Any CPU = Debug|Any CPU
		Release|Any CPU = Release|Any CPU
	EndGlobalSection
	GlobalSection(ProjectConfigurationPlatforms) = postSolution
		{53BFED12-2ED4-4C48-BA77-97B7091ECC13}.Debug|Any CPU.ActiveCfg = Debug|Any CPU
		{53BFED12-2ED4-4C48-BA77-97B7091ECC13}.Debug|Any CPU.Build.0 = Debug|Any CPU
		{53BFED12-2ED4-4C48-BA77-97B7091ECC13}.Release|Any CPU.ActiveCfg = Release|Any CPU
		{53BFED12-2ED4-4C48-BA77-97B7091ECC13}.Release|Any CPU.Build.0 = Release|Any CPU
		{269321F1-4D97-4F3D-8877-A06150BFF426}.Debug|Any CPU.ActiveCfg = Debug|Any CPU
		{269321F1-4D97-4F3D-8877-A06150BFF426}.Debug|Any CPU.Build.0 = Debug|Any CPU
		{269321F1-4D97-4F3D-8877-A06150BFF426}.Release|Any CPU.ActiveCfg = Release|Any CPU
		{269321F1-4D97-4F3D-8877-A06150BFF426}.Release|Any CPU.Build.0 = Release|Any CPU
		{7305FC6D-080B-49EA-9BE4-C1B48B97E218}.Debug|Any CPU.ActiveCfg = Debug|Any CPU
		{7305FC6D-080B-49EA-9BE4-C1B48B97E218}.Debug|Any CPU.Build.0 = Debug|Any CPU
		{7305FC6D-080B-49EA-9BE4-C1B48B97E218}.Release|Any CPU.ActiveCfg = Release|Any CPU
		{7305FC6D-080B-49EA-9BE4-C1B48B97E218}.Release|Any CPU.Build.0 = Release|Any CPU
		{FCD2CD36-9B7C-4A20-87BD-8FF345A907E7}.Debug|Any CPU.ActiveCfg = Debug|Any CPU
		{FCD2CD36-9B7C-4A20-87BD-8FF345A907E7}.Debug|Any CPU.Build.0 = Debug|Any CPU
		{FCD2CD36-9B7C-4A20-87BD-8FF345A907E7}.Release|Any CPU.ActiveCfg = Release|Any CPU
		{FCD2CD36-9B7C-4A20-87BD-8FF345A907E7}.Release|Any CPU.Build.0 = Release|Any CPU
		{E285D0EB-3468-4A92-9084-43E24A6A7D55}.Debug|Any CPU.ActiveCfg = Debug|Any CPU
		{E285D0EB-3468-4A92-9084-43E24A6A7D55}.Debug|Any CPU.Build.0 = Debug|Any CPU
		{E285D0EB-3468-4A92-9084-43E24A6A7D55}.Release|Any CPU.ActiveCfg = Release|Any CPU
		{E285D0EB-3468-4A92-9084-43E24A6A7D55}.Release|Any CPU.Build.0 = Release|Any CPU
	EndGlobalSection
	GlobalSection(SolutionProperties) = preSolution
		HideSolutionNode = FALSE
	EndGlobalSection
EndGlobal
